
Microsoft Visual Studio Solution File, Format Version 12.00
# Visual Studio 15
VisualStudioVersion = 15.0.27428.2043
MinimumVisualStudioVersion = 10.0.40219.1
Project("{9A19103F-16F7-4668-BE54-9A1E7A4F7556}") = "Storage", "Storage\Storage.csproj", "{8513EC5C-2BB5-4310-B10D-8924624ABDAD}"
EndProject
Project("{FAE04EC0-301F-11D3-BF4B-00C04F79EFBC}") = "Storage.Data", "Storage.Data\Storage.Data.csproj", "{09213469-B520-41D0-8A9F-D2638B7B601E}"
EndProject
Global
	GlobalSection(SolutionConfigurationPlatforms) = preSolution
		Debug|Any CPU = Debug|Any CPU
		Release|Any CPU = Release|Any CPU
	EndGlobalSection
	GlobalSection(ProjectConfigurationPlatforms) = postSolution
		{8513EC5C-2BB5-4310-B10D-8924624ABDAD}.Debug|Any CPU.ActiveCfg = Debug|Any CPU
		{8513EC5C-2BB5-4310-B10D-8924624ABDAD}.Debug|Any CPU.Build.0 = Debug|Any CPU
		{8513EC5C-2BB5-4310-B10D-8924624ABDAD}.Release|Any CPU.ActiveCfg = Release|Any CPU
		{8513EC5C-2BB5-4310-B10D-8924624ABDAD}.Release|Any CPU.Build.0 = Release|Any CPU
		{09213469-B520-41D0-8A9F-D2638B7B601E}.Debug|Any CPU.ActiveCfg = Debug|Any CPU
		{09213469-B520-41D0-8A9F-D2638B7B601E}.Debug|Any CPU.Build.0 = Debug|Any CPU
		{09213469-B520-41D0-8A9F-D2638B7B601E}.Release|Any CPU.ActiveCfg = Release|Any CPU
		{09213469-B520-41D0-8A9F-D2638B7B601E}.Release|Any CPU.Build.0 = Release|Any CPU
	EndGlobalSection
	GlobalSection(SolutionProperties) = preSolution
		HideSolutionNode = FALSE
	EndGlobalSection
	GlobalSection(ExtensibilityGlobals) = postSolution
		SolutionGuid = {73B319C4-5B5B-4AF3-A757-CA04666D525E}
	EndGlobalSection
EndGlobal
